
Microsoft Visual Studio Solution File, Format Version 10.00
# Visual Web Developer Express 2008
Project("{FAE04EC0-301F-11D3-BF4B-00C04F79EFBC}") = "FVK", "FVK\FVK.csproj", "{2B2A9879-446D-4708-A86E-03AACDB8E3BF}"
EndProject
Global
	GlobalSection(SolutionConfigurationPlatforms) = preSolution
		Debug|Any CPU = Debug|Any CPU
		Release|Any CPU = Release|Any CPU
	EndGlobalSection
	GlobalSection(ProjectConfigurationPlatforms) = postSolution
		{2B2A9879-446D-4708-A86E-03AACDB8E3BF}.Debug|Any CPU.ActiveCfg = Release|Any CPU
		{2B2A9879-446D-4708-A86E-03AACDB8E3BF}.Debug|Any CPU.Build.0 = Release|Any CPU
		{2B2A9879-446D-4708-A86E-03AACDB8E3BF}.Release|Any CPU.ActiveCfg = Release|Any CPU
		{2B2A9879-446D-4708-A86E-03AACDB8E3BF}.Release|Any CPU.Build.0 = Release|Any CPU
	EndGlobalSection
	GlobalSection(SolutionProperties) = preSolution
		HideSolutionNode = FALSE
	EndGlobalSection
EndGlobal
