
Microsoft Visual Studio Solution File, Format Version 10.00
# Visual Studio 2008
Project("{FAE04EC0-301F-11D3-BF4B-00C04F79EFBC}") = "Facebook Start", "Facebook Start\Facebook Start.csproj", "{18E08585-11AE-4FAE-B1C7-7B917EC29F55}"
EndProject
Global
	GlobalSection(SolutionConfigurationPlatforms) = preSolution
		Debug|Any CPU = Debug|Any CPU
		Release|Any CPU = Release|Any CPU
	EndGlobalSection
	GlobalSection(ProjectConfigurationPlatforms) = postSolution
		{18E08585-11AE-4FAE-B1C7-7B917EC29F55}.Debug|Any CPU.ActiveCfg = Debug|Any CPU
		{18E08585-11AE-4FAE-B1C7-7B917EC29F55}.Debug|Any CPU.Build.0 = Debug|Any CPU
		{18E08585-11AE-4FAE-B1C7-7B917EC29F55}.Release|Any CPU.ActiveCfg = Release|Any CPU
		{18E08585-11AE-4FAE-B1C7-7B917EC29F55}.Release|Any CPU.Build.0 = Release|Any CPU
	EndGlobalSection
	GlobalSection(SolutionProperties) = preSolution
		HideSolutionNode = FALSE
	EndGlobalSection
EndGlobal
